
Microsoft Visual Studio Solution File, Format Version 12.00
# Visual Studio Version 17
VisualStudioVersion = 17.4.33213.308
MinimumVisualStudioVersion = 10.0.40219.1
Project("{FAE04EC0-301F-11D3-BF4B-00C04F79EFBC}") = "jurnal6", "jurnal6.csproj", "{F344D0DA-CF70-4346-A035-CD5A902331FA}"
EndProject
Global
	GlobalSection(SolutionConfigurationPlatforms) = preSolution
		Debug|Any CPU = Debug|Any CPU
		Release|Any CPU = Release|Any CPU
	EndGlobalSection
	GlobalSection(ProjectConfigurationPlatforms) = postSolution
		{F344D0DA-CF70-4346-A035-CD5A902331FA}.Debug|Any CPU.ActiveCfg = Debug|Any CPU
		{F344D0DA-CF70-4346-A035-CD5A902331FA}.Debug|Any CPU.Build.0 = Debug|Any CPU
		{F344D0DA-CF70-4346-A035-CD5A902331FA}.Release|Any CPU.ActiveCfg = Release|Any CPU
		{F344D0DA-CF70-4346-A035-CD5A902331FA}.Release|Any CPU.Build.0 = Release|Any CPU
	EndGlobalSection
	GlobalSection(SolutionProperties) = preSolution
		HideSolutionNode = FALSE
	EndGlobalSection
	GlobalSection(ExtensibilityGlobals) = postSolution
		SolutionGuid = {AEBE3F22-7623-42A2-A1FA-6AC042C158B5}
	EndGlobalSection
EndGlobal
